
Microsoft Visual Studio Solution File, Format Version 12.00
# Visual Studio Version 17
VisualStudioVersion = 17.11.35219.272
MinimumVisualStudioVersion = 10.0.40219.1
Project("{9A19103F-16F7-4668-BE54-9A1E7A4F7556}") = "ST10140587_CLDV6212_Part2", "ST10140587-CLDV6212-Part2\ST10140587_CLDV6212_Part2.csproj", "{FE9ABFB1-3348-46A7-BED6-4CBB4FC066C4}"
EndProject
Project("{9A19103F-16F7-4668-BE54-9A1E7A4F7556}") = "st10140587Function", "st10140587-Function\st10140587Function.csproj", "{12F1B16F-EABC-40B3-93D2-4A4C0F8F2C37}"
EndProject
Global
	GlobalSection(SolutionConfigurationPlatforms) = preSolution
		Debug|Any CPU = Debug|Any CPU
		Release|Any CPU = Release|Any CPU
	EndGlobalSection
	GlobalSection(ProjectConfigurationPlatforms) = postSolution
		{FE9ABFB1-3348-46A7-BED6-4CBB4FC066C4}.Debug|Any CPU.ActiveCfg = Debug|Any CPU
		{FE9ABFB1-3348-46A7-BED6-4CBB4FC066C4}.Debug|Any CPU.Build.0 = Debug|Any CPU
		{FE9ABFB1-3348-46A7-BED6-4CBB4FC066C4}.Release|Any CPU.ActiveCfg = Release|Any CPU
		{FE9ABFB1-3348-46A7-BED6-4CBB4FC066C4}.Release|Any CPU.Build.0 = Release|Any CPU
		{12F1B16F-EABC-40B3-93D2-4A4C0F8F2C37}.Debug|Any CPU.ActiveCfg = Debug|Any CPU
		{12F1B16F-EABC-40B3-93D2-4A4C0F8F2C37}.Debug|Any CPU.Build.0 = Debug|Any CPU
		{12F1B16F-EABC-40B3-93D2-4A4C0F8F2C37}.Release|Any CPU.ActiveCfg = Release|Any CPU
		{12F1B16F-EABC-40B3-93D2-4A4C0F8F2C37}.Release|Any CPU.Build.0 = Release|Any CPU
	EndGlobalSection
	GlobalSection(SolutionProperties) = preSolution
		HideSolutionNode = FALSE
	EndGlobalSection
	GlobalSection(ExtensibilityGlobals) = postSolution
		SolutionGuid = {6BF43608-3106-482B-B3CE-7094C159B592}
	EndGlobalSection
EndGlobal
